
Microsoft Visual Studio Solution File, Format Version 12.00
# Visual Studio Version 17
VisualStudioVersion = 17.2.32630.192
MinimumVisualStudioVersion = 10.0.40219.1
Project("{9A19103F-16F7-4668-BE54-9A1E7A4F7556}") = "WpfWaterEffect", "WpfWaterEffect\WpfWaterEffect.csproj", "{FD208F5A-E1A1-4024-9E36-5396926ADA83}"
EndProject
Project("{FAE04EC0-301F-11D3-BF4B-00C04F79EFBC}") = "WpfMoLayer", "WpfMoLayer\WpfMoLayer.csproj", "{B563BC4C-914D-4FC5-A979-9457CF99AA6F}"
EndProject
Project("{FAE04EC0-301F-11D3-BF4B-00C04F79EFBC}") = "WpfVerifyCode", "WpfVerifyCode\WpfVerifyCode.csproj", "{37136762-C1EF-4D06-999A-B57F4BDF91FE}"
EndProject
Project("{FAE04EC0-301F-11D3-BF4B-00C04F79EFBC}") = "WpfSongLrc", "WpfSongLrc\WpfSongLrc.csproj", "{71A0F671-8E57-45AD-A2B3-A9895B3102F2}"
EndProject
Global
	GlobalSection(SolutionConfigurationPlatforms) = preSolution
		Debug|Any CPU = Debug|Any CPU
		Release|Any CPU = Release|Any CPU
	EndGlobalSection
	GlobalSection(ProjectConfigurationPlatforms) = postSolution
		{FD208F5A-E1A1-4024-9E36-5396926ADA83}.Debug|Any CPU.ActiveCfg = Debug|Any CPU
		{FD208F5A-E1A1-4024-9E36-5396926ADA83}.Debug|Any CPU.Build.0 = Debug|Any CPU
		{FD208F5A-E1A1-4024-9E36-5396926ADA83}.Release|Any CPU.ActiveCfg = Release|Any CPU
		{FD208F5A-E1A1-4024-9E36-5396926ADA83}.Release|Any CPU.Build.0 = Release|Any CPU
		{B563BC4C-914D-4FC5-A979-9457CF99AA6F}.Debug|Any CPU.ActiveCfg = Debug|Any CPU
		{B563BC4C-914D-4FC5-A979-9457CF99AA6F}.Debug|Any CPU.Build.0 = Debug|Any CPU
		{B563BC4C-914D-4FC5-A979-9457CF99AA6F}.Release|Any CPU.ActiveCfg = Release|Any CPU
		{B563BC4C-914D-4FC5-A979-9457CF99AA6F}.Release|Any CPU.Build.0 = Release|Any CPU
		{37136762-C1EF-4D06-999A-B57F4BDF91FE}.Debug|Any CPU.ActiveCfg = Debug|Any CPU
		{37136762-C1EF-4D06-999A-B57F4BDF91FE}.Debug|Any CPU.Build.0 = Debug|Any CPU
		{37136762-C1EF-4D06-999A-B57F4BDF91FE}.Release|Any CPU.ActiveCfg = Release|Any CPU
		{37136762-C1EF-4D06-999A-B57F4BDF91FE}.Release|Any CPU.Build.0 = Release|Any CPU
		{71A0F671-8E57-45AD-A2B3-A9895B3102F2}.Debug|Any CPU.ActiveCfg = Debug|Any CPU
		{71A0F671-8E57-45AD-A2B3-A9895B3102F2}.Debug|Any CPU.Build.0 = Debug|Any CPU
		{71A0F671-8E57-45AD-A2B3-A9895B3102F2}.Release|Any CPU.ActiveCfg = Release|Any CPU
		{71A0F671-8E57-45AD-A2B3-A9895B3102F2}.Release|Any CPU.Build.0 = Release|Any CPU
	EndGlobalSection
	GlobalSection(SolutionProperties) = preSolution
		HideSolutionNode = FALSE
	EndGlobalSection
	GlobalSection(ExtensibilityGlobals) = postSolution
		SolutionGuid = {AC0F14B4-A54F-4B91-B1AD-EC1853DCAF2E}
	EndGlobalSection
EndGlobal
